
Microsoft Visual Studio Solution File, Format Version 12.00
# Visual Studio 14
VisualStudioVersion = 14.0.23107.0
MinimumVisualStudioVersion = 10.0.40219.1
Project("{FAE04EC0-301F-11D3-BF4B-00C04F79EFBC}") = "Scripts", "Scripts\Scripts.csproj", "{24AEFD1F-F3B9-42A9-B9E8-7BE0CE715292}"
EndProject
Project("{8BC9CEB8-8B4A-11D0-8D11-00A0C91BC942}") = "Core", "Core\Core.vcxproj", "{9BFE1D21-01C4-4DA6-9786-3E33A9361462}"
	ProjectSection(ProjectDependencies) = postProject
		{F6805E43-5B55-4B38-A1FF-00E3244E5D9C} = {F6805E43-5B55-4B38-A1FF-00E3244E5D9C}
		{DE79A853-6030-453F-85F7-15CFE3717AF4} = {DE79A853-6030-453F-85F7-15CFE3717AF4}
	EndProjectSection
EndProject
Project("{8BC9CEB8-8B4A-11D0-8D11-00A0C91BC942}") = "Common", "Common\Common.vcxproj", "{F6805E43-5B55-4B38-A1FF-00E3244E5D9C}"
EndProject
Project("{8BC9CEB8-8B4A-11D0-8D11-00A0C91BC942}") = "Robot", "Robot\Robot.vcxproj", "{77DDC3C8-2B99-41B3-9C13-A8205D970CEB}"
	ProjectSection(ProjectDependencies) = postProject
		{F6805E43-5B55-4B38-A1FF-00E3244E5D9C} = {F6805E43-5B55-4B38-A1FF-00E3244E5D9C}
		{DE79A853-6030-453F-85F7-15CFE3717AF4} = {DE79A853-6030-453F-85F7-15CFE3717AF4}
	EndProjectSection
EndProject
Project("{8BC9CEB8-8B4A-11D0-8D11-00A0C91BC942}") = "PKG", "PKG\PKG.vcxproj", "{DE79A853-6030-453F-85F7-15CFE3717AF4}"
	ProjectSection(ProjectDependencies) = postProject
		{F6805E43-5B55-4B38-A1FF-00E3244E5D9C} = {F6805E43-5B55-4B38-A1FF-00E3244E5D9C}
	EndProjectSection
EndProject
Project("{8BC9CEB8-8B4A-11D0-8D11-00A0C91BC942}") = "loginapp", "loginapp\loginapp.vcxproj", "{8D2A0865-5F2C-48A7-85BA-1A5488C0D410}"
	ProjectSection(ProjectDependencies) = postProject
		{9BFE1D21-01C4-4DA6-9786-3E33A9361462} = {9BFE1D21-01C4-4DA6-9786-3E33A9361462}
	EndProjectSection
EndProject
Project("{8BC9CEB8-8B4A-11D0-8D11-00A0C91BC942}") = "Default", "Default\Default.vcxproj", "{E853A203-9DED-41C0-8254-7E5F7DBA218C}"
EndProject
Project("{8BC9CEB8-8B4A-11D0-8D11-00A0C91BC942}") = "Test", "Test\Test.vcxproj", "{0301239D-D5AB-4A4B-899C-EB905082501F}"
EndProject
Global
	GlobalSection(SolutionConfigurationPlatforms) = preSolution
		Debug|Any CPU = Debug|Any CPU
		Debug|ARM = Debug|ARM
		Debug|x64 = Debug|x64
		Debug|x86 = Debug|x86
		MinSizeRel|Any CPU = MinSizeRel|Any CPU
		MinSizeRel|ARM = MinSizeRel|ARM
		MinSizeRel|x64 = MinSizeRel|x64
		MinSizeRel|x86 = MinSizeRel|x86
		Release|Any CPU = Release|Any CPU
		Release|ARM = Release|ARM
		Release|x64 = Release|x64
		Release|x86 = Release|x86
		RelWithDebInfo|Any CPU = RelWithDebInfo|Any CPU
		RelWithDebInfo|ARM = RelWithDebInfo|ARM
		RelWithDebInfo|x64 = RelWithDebInfo|x64
		RelWithDebInfo|x86 = RelWithDebInfo|x86
	EndGlobalSection
	GlobalSection(ProjectConfigurationPlatforms) = postSolution
		{24AEFD1F-F3B9-42A9-B9E8-7BE0CE715292}.Debug|Any CPU.ActiveCfg = Debug|Any CPU
		{24AEFD1F-F3B9-42A9-B9E8-7BE0CE715292}.Debug|Any CPU.Build.0 = Debug|Any CPU
		{24AEFD1F-F3B9-42A9-B9E8-7BE0CE715292}.Debug|ARM.ActiveCfg = Debug|Any CPU
		{24AEFD1F-F3B9-42A9-B9E8-7BE0CE715292}.Debug|ARM.Build.0 = Debug|Any CPU
		{24AEFD1F-F3B9-42A9-B9E8-7BE0CE715292}.Debug|x64.ActiveCfg = Debug|Any CPU
		{24AEFD1F-F3B9-42A9-B9E8-7BE0CE715292}.Debug|x64.Build.0 = Debug|Any CPU
		{24AEFD1F-F3B9-42A9-B9E8-7BE0CE715292}.Debug|x86.ActiveCfg = Debug|Any CPU
		{24AEFD1F-F3B9-42A9-B9E8-7BE0CE715292}.Debug|x86.Build.0 = Debug|Any CPU
		{24AEFD1F-F3B9-42A9-B9E8-7BE0CE715292}.MinSizeRel|Any CPU.ActiveCfg = Release|Any CPU
		{24AEFD1F-F3B9-42A9-B9E8-7BE0CE715292}.MinSizeRel|Any CPU.Build.0 = Release|Any CPU
		{24AEFD1F-F3B9-42A9-B9E8-7BE0CE715292}.MinSizeRel|ARM.ActiveCfg = Release|Any CPU
		{24AEFD1F-F3B9-42A9-B9E8-7BE0CE715292}.MinSizeRel|ARM.Build.0 = Release|Any CPU
		{24AEFD1F-F3B9-42A9-B9E8-7BE0CE715292}.MinSizeRel|x64.ActiveCfg = Release|Any CPU
		{24AEFD1F-F3B9-42A9-B9E8-7BE0CE715292}.MinSizeRel|x64.Build.0 = Release|Any CPU
		{24AEFD1F-F3B9-42A9-B9E8-7BE0CE715292}.MinSizeRel|x86.ActiveCfg = Release|Any CPU
		{24AEFD1F-F3B9-42A9-B9E8-7BE0CE715292}.MinSizeRel|x86.Build.0 = Release|Any CPU
		{24AEFD1F-F3B9-42A9-B9E8-7BE0CE715292}.Release|Any CPU.ActiveCfg = Release|Any CPU
		{24AEFD1F-F3B9-42A9-B9E8-7BE0CE715292}.Release|Any CPU.Build.0 = Release|Any CPU
		{24AEFD1F-F3B9-42A9-B9E8-7BE0CE715292}.Release|ARM.ActiveCfg = Release|Any CPU
		{24AEFD1F-F3B9-42A9-B9E8-7BE0CE715292}.Release|ARM.Build.0 = Release|Any CPU
		{24AEFD1F-F3B9-42A9-B9E8-7BE0CE715292}.Release|x64.ActiveCfg = Release|Any CPU
		{24AEFD1F-F3B9-42A9-B9E8-7BE0CE715292}.Release|x64.Build.0 = Release|Any CPU
		{24AEFD1F-F3B9-42A9-B9E8-7BE0CE715292}.Release|x86.ActiveCfg = Release|Any CPU
		{24AEFD1F-F3B9-42A9-B9E8-7BE0CE715292}.Release|x86.Build.0 = Release|Any CPU
		{24AEFD1F-F3B9-42A9-B9E8-7BE0CE715292}.RelWithDebInfo|Any CPU.ActiveCfg = Release|Any CPU
		{24AEFD1F-F3B9-42A9-B9E8-7BE0CE715292}.RelWithDebInfo|Any CPU.Build.0 = Release|Any CPU
		{24AEFD1F-F3B9-42A9-B9E8-7BE0CE715292}.RelWithDebInfo|ARM.ActiveCfg = Release|Any CPU
		{24AEFD1F-F3B9-42A9-B9E8-7BE0CE715292}.RelWithDebInfo|ARM.Build.0 = Release|Any CPU
		{24AEFD1F-F3B9-42A9-B9E8-7BE0CE715292}.RelWithDebInfo|x64.ActiveCfg = Release|Any CPU
		{24AEFD1F-F3B9-42A9-B9E8-7BE0CE715292}.RelWithDebInfo|x64.Build.0 = Release|Any CPU
		{24AEFD1F-F3B9-42A9-B9E8-7BE0CE715292}.RelWithDebInfo|x86.ActiveCfg = Release|Any CPU
		{24AEFD1F-F3B9-42A9-B9E8-7BE0CE715292}.RelWithDebInfo|x86.Build.0 = Release|Any CPU
		{9BFE1D21-01C4-4DA6-9786-3E33A9361462}.Debug|Any CPU.ActiveCfg = Debug|Win32
		{9BFE1D21-01C4-4DA6-9786-3E33A9361462}.Debug|ARM.ActiveCfg = Debug|Win32
		{9BFE1D21-01C4-4DA6-9786-3E33A9361462}.Debug|x64.ActiveCfg = Debug|x64
		{9BFE1D21-01C4-4DA6-9786-3E33A9361462}.Debug|x64.Build.0 = Debug|x64
		{9BFE1D21-01C4-4DA6-9786-3E33A9361462}.Debug|x86.ActiveCfg = Debug|Win32
		{9BFE1D21-01C4-4DA6-9786-3E33A9361462}.Debug|x86.Build.0 = Debug|Win32
		{9BFE1D21-01C4-4DA6-9786-3E33A9361462}.MinSizeRel|Any CPU.ActiveCfg = Release|x64
		{9BFE1D21-01C4-4DA6-9786-3E33A9361462}.MinSizeRel|Any CPU.Build.0 = Release|x64
		{9BFE1D21-01C4-4DA6-9786-3E33A9361462}.MinSizeRel|ARM.ActiveCfg = Release|x64
		{9BFE1D21-01C4-4DA6-9786-3E33A9361462}.MinSizeRel|ARM.Build.0 = Release|x64
		{9BFE1D21-01C4-4DA6-9786-3E33A9361462}.MinSizeRel|x64.ActiveCfg = Release|x64
		{9BFE1D21-01C4-4DA6-9786-3E33A9361462}.MinSizeRel|x64.Build.0 = Release|x64
		{9BFE1D21-01C4-4DA6-9786-3E33A9361462}.MinSizeRel|x86.ActiveCfg = Release|Win32
		{9BFE1D21-01C4-4DA6-9786-3E33A9361462}.MinSizeRel|x86.Build.0 = Release|Win32
		{9BFE1D21-01C4-4DA6-9786-3E33A9361462}.Release|Any CPU.ActiveCfg = Release|Win32
		{9BFE1D21-01C4-4DA6-9786-3E33A9361462}.Release|ARM.ActiveCfg = Release|Win32
		{9BFE1D21-01C4-4DA6-9786-3E33A9361462}.Release|x64.ActiveCfg = Release|x64
		{9BFE1D21-01C4-4DA6-9786-3E33A9361462}.Release|x64.Build.0 = Release|x64
		{9BFE1D21-01C4-4DA6-9786-3E33A9361462}.Release|x86.ActiveCfg = Release|Win32
		{9BFE1D21-01C4-4DA6-9786-3E33A9361462}.Release|x86.Build.0 = Release|Win32
		{9BFE1D21-01C4-4DA6-9786-3E33A9361462}.RelWithDebInfo|Any CPU.ActiveCfg = Release|x64
		{9BFE1D21-01C4-4DA6-9786-3E33A9361462}.RelWithDebInfo|Any CPU.Build.0 = Release|x64
		{9BFE1D21-01C4-4DA6-9786-3E33A9361462}.RelWithDebInfo|ARM.ActiveCfg = Release|x64
		{9BFE1D21-01C4-4DA6-9786-3E33A9361462}.RelWithDebInfo|ARM.Build.0 = Release|x64
		{9BFE1D21-01C4-4DA6-9786-3E33A9361462}.RelWithDebInfo|x64.ActiveCfg = Release|x64
		{9BFE1D21-01C4-4DA6-9786-3E33A9361462}.RelWithDebInfo|x64.Build.0 = Release|x64
		{9BFE1D21-01C4-4DA6-9786-3E33A9361462}.RelWithDebInfo|x86.ActiveCfg = Release|Win32
		{9BFE1D21-01C4-4DA6-9786-3E33A9361462}.RelWithDebInfo|x86.Build.0 = Release|Win32
		{F6805E43-5B55-4B38-A1FF-00E3244E5D9C}.Debug|Any CPU.ActiveCfg = Debug|Win32
		{F6805E43-5B55-4B38-A1FF-00E3244E5D9C}.Debug|ARM.ActiveCfg = Debug|Win32
		{F6805E43-5B55-4B38-A1FF-00E3244E5D9C}.Debug|x64.ActiveCfg = Debug|x64
		{F6805E43-5B55-4B38-A1FF-00E3244E5D9C}.Debug|x64.Build.0 = Debug|x64
		{F6805E43-5B55-4B38-A1FF-00E3244E5D9C}.Debug|x86.ActiveCfg = Debug|Win32
		{F6805E43-5B55-4B38-A1FF-00E3244E5D9C}.Debug|x86.Build.0 = Debug|Win32
		{F6805E43-5B55-4B38-A1FF-00E3244E5D9C}.MinSizeRel|Any CPU.ActiveCfg = Release|x64
		{F6805E43-5B55-4B38-A1FF-00E3244E5D9C}.MinSizeRel|Any CPU.Build.0 = Release|x64
		{F6805E43-5B55-4B38-A1FF-00E3244E5D9C}.MinSizeRel|ARM.ActiveCfg = Release|x64
		{F6805E43-5B55-4B38-A1FF-00E3244E5D9C}.MinSizeRel|ARM.Build.0 = Release|x64
		{F6805E43-5B55-4B38-A1FF-00E3244E5D9C}.MinSizeRel|x64.ActiveCfg = Release|x64
		{F6805E43-5B55-4B38-A1FF-00E3244E5D9C}.MinSizeRel|x64.Build.0 = Release|x64
		{F6805E43-5B55-4B38-A1FF-00E3244E5D9C}.MinSizeRel|x86.ActiveCfg = Release|Win32
		{F6805E43-5B55-4B38-A1FF-00E3244E5D9C}.MinSizeRel|x86.Build.0 = Release|Win32
		{F6805E43-5B55-4B38-A1FF-00E3244E5D9C}.Release|Any CPU.ActiveCfg = Release|Win32
		{F6805E43-5B55-4B38-A1FF-00E3244E5D9C}.Release|ARM.ActiveCfg = Release|Win32
		{F6805E43-5B55-4B38-A1FF-00E3244E5D9C}.Release|x64.ActiveCfg = Release|x64
		{F6805E43-5B55-4B38-A1FF-00E3244E5D9C}.Release|x64.Build.0 = Release|x64
		{F6805E43-5B55-4B38-A1FF-00E3244E5D9C}.Release|x86.ActiveCfg = Release|Win32
		{F6805E43-5B55-4B38-A1FF-00E3244E5D9C}.Release|x86.Build.0 = Release|Win32
		{F6805E43-5B55-4B38-A1FF-00E3244E5D9C}.RelWithDebInfo|Any CPU.ActiveCfg = Release|x64
		{F6805E43-5B55-4B38-A1FF-00E3244E5D9C}.RelWithDebInfo|Any CPU.Build.0 = Release|x64
		{F6805E43-5B55-4B38-A1FF-00E3244E5D9C}.RelWithDebInfo|ARM.ActiveCfg = Release|x64
		{F6805E43-5B55-4B38-A1FF-00E3244E5D9C}.RelWithDebInfo|ARM.Build.0 = Release|x64
		{F6805E43-5B55-4B38-A1FF-00E3244E5D9C}.RelWithDebInfo|x64.ActiveCfg = Release|x64
		{F6805E43-5B55-4B38-A1FF-00E3244E5D9C}.RelWithDebInfo|x64.Build.0 = Release|x64
		{F6805E43-5B55-4B38-A1FF-00E3244E5D9C}.RelWithDebInfo|x86.ActiveCfg = Release|Win32
		{F6805E43-5B55-4B38-A1FF-00E3244E5D9C}.RelWithDebInfo|x86.Build.0 = Release|Win32
		{77DDC3C8-2B99-41B3-9C13-A8205D970CEB}.Debug|Any CPU.ActiveCfg = Debug|Win32
		{77DDC3C8-2B99-41B3-9C13-A8205D970CEB}.Debug|ARM.ActiveCfg = Debug|Win32
		{77DDC3C8-2B99-41B3-9C13-A8205D970CEB}.Debug|x64.ActiveCfg = Debug|x64
		{77DDC3C8-2B99-41B3-9C13-A8205D970CEB}.Debug|x64.Build.0 = Debug|x64
		{77DDC3C8-2B99-41B3-9C13-A8205D970CEB}.Debug|x86.ActiveCfg = Debug|Win32
		{77DDC3C8-2B99-41B3-9C13-A8205D970CEB}.Debug|x86.Build.0 = Debug|Win32
		{77DDC3C8-2B99-41B3-9C13-A8205D970CEB}.MinSizeRel|Any CPU.ActiveCfg = Release|x64
		{77DDC3C8-2B99-41B3-9C13-A8205D970CEB}.MinSizeRel|Any CPU.Build.0 = Release|x64
		{77DDC3C8-2B99-41B3-9C13-A8205D970CEB}.MinSizeRel|ARM.ActiveCfg = Release|x64
		{77DDC3C8-2B99-41B3-9C13-A8205D970CEB}.MinSizeRel|ARM.Build.0 = Release|x64
		{77DDC3C8-2B99-41B3-9C13-A8205D970CEB}.MinSizeRel|x64.ActiveCfg = Release|x64
		{77DDC3C8-2B99-41B3-9C13-A8205D970CEB}.MinSizeRel|x64.Build.0 = Release|x64
		{77DDC3C8-2B99-41B3-9C13-A8205D970CEB}.MinSizeRel|x86.ActiveCfg = Release|Win32
		{77DDC3C8-2B99-41B3-9C13-A8205D970CEB}.MinSizeRel|x86.Build.0 = Release|Win32
		{77DDC3C8-2B99-41B3-9C13-A8205D970CEB}.Release|Any CPU.ActiveCfg = Release|Win32
		{77DDC3C8-2B99-41B3-9C13-A8205D970CEB}.Release|ARM.ActiveCfg = Release|Win32
		{77DDC3C8-2B99-41B3-9C13-A8205D970CEB}.Release|x64.ActiveCfg = Release|x64
		{77DDC3C8-2B99-41B3-9C13-A8205D970CEB}.Release|x64.Build.0 = Release|x64
		{77DDC3C8-2B99-41B3-9C13-A8205D970CEB}.Release|x86.ActiveCfg = Release|Win32
		{77DDC3C8-2B99-41B3-9C13-A8205D970CEB}.Release|x86.Build.0 = Release|Win32
		{77DDC3C8-2B99-41B3-9C13-A8205D970CEB}.RelWithDebInfo|Any CPU.ActiveCfg = Release|x64
		{77DDC3C8-2B99-41B3-9C13-A8205D970CEB}.RelWithDebInfo|Any CPU.Build.0 = Release|x64
		{77DDC3C8-2B99-41B3-9C13-A8205D970CEB}.RelWithDebInfo|ARM.ActiveCfg = Release|x64
		{77DDC3C8-2B99-41B3-9C13-A8205D970CEB}.RelWithDebInfo|ARM.Build.0 = Release|x64
		{77DDC3C8-2B99-41B3-9C13-A8205D970CEB}.RelWithDebInfo|x64.ActiveCfg = Release|x64
		{77DDC3C8-2B99-41B3-9C13-A8205D970CEB}.RelWithDebInfo|x64.Build.0 = Release|x64
		{77DDC3C8-2B99-41B3-9C13-A8205D970CEB}.RelWithDebInfo|x86.ActiveCfg = Release|Win32
		{77DDC3C8-2B99-41B3-9C13-A8205D970CEB}.RelWithDebInfo|x86.Build.0 = Release|Win32
		{DE79A853-6030-453F-85F7-15CFE3717AF4}.Debug|Any CPU.ActiveCfg = Debug|Win32
		{DE79A853-6030-453F-85F7-15CFE3717AF4}.Debug|ARM.ActiveCfg = Debug|ARM
		{DE79A853-6030-453F-85F7-15CFE3717AF4}.Debug|ARM.Build.0 = Debug|ARM
		{DE79A853-6030-453F-85F7-15CFE3717AF4}.Debug|x64.ActiveCfg = Debug|x64
		{DE79A853-6030-453F-85F7-15CFE3717AF4}.Debug|x64.Build.0 = Debug|x64
		{DE79A853-6030-453F-85F7-15CFE3717AF4}.Debug|x86.ActiveCfg = Debug|Win32
		{DE79A853-6030-453F-85F7-15CFE3717AF4}.Debug|x86.Build.0 = Debug|Win32
		{DE79A853-6030-453F-85F7-15CFE3717AF4}.MinSizeRel|Any CPU.ActiveCfg = Release|x64
		{DE79A853-6030-453F-85F7-15CFE3717AF4}.MinSizeRel|Any CPU.Build.0 = Release|x64
		{DE79A853-6030-453F-85F7-15CFE3717AF4}.MinSizeRel|ARM.ActiveCfg = Release|ARM
		{DE79A853-6030-453F-85F7-15CFE3717AF4}.MinSizeRel|ARM.Build.0 = Release|ARM
		{DE79A853-6030-453F-85F7-15CFE3717AF4}.MinSizeRel|x64.ActiveCfg = Release|x64
		{DE79A853-6030-453F-85F7-15CFE3717AF4}.MinSizeRel|x64.Build.0 = Release|x64
		{DE79A853-6030-453F-85F7-15CFE3717AF4}.MinSizeRel|x86.ActiveCfg = Release|Win32
		{DE79A853-6030-453F-85F7-15CFE3717AF4}.MinSizeRel|x86.Build.0 = Release|Win32
		{DE79A853-6030-453F-85F7-15CFE3717AF4}.Release|Any CPU.ActiveCfg = Release|Win32
		{DE79A853-6030-453F-85F7-15CFE3717AF4}.Release|ARM.ActiveCfg = Release|ARM
		{DE79A853-6030-453F-85F7-15CFE3717AF4}.Release|ARM.Build.0 = Release|ARM
		{DE79A853-6030-453F-85F7-15CFE3717AF4}.Release|x64.ActiveCfg = Release|x64
		{DE79A853-6030-453F-85F7-15CFE3717AF4}.Release|x64.Build.0 = Release|x64
		{DE79A853-6030-453F-85F7-15CFE3717AF4}.Release|x86.ActiveCfg = Release|Win32
		{DE79A853-6030-453F-85F7-15CFE3717AF4}.Release|x86.Build.0 = Release|Win32
		{DE79A853-6030-453F-85F7-15CFE3717AF4}.RelWithDebInfo|Any CPU.ActiveCfg = Release|x64
		{DE79A853-6030-453F-85F7-15CFE3717AF4}.RelWithDebInfo|Any CPU.Build.0 = Release|x64
		{DE79A853-6030-453F-85F7-15CFE3717AF4}.RelWithDebInfo|ARM.ActiveCfg = Release|ARM
		{DE79A853-6030-453F-85F7-15CFE3717AF4}.RelWithDebInfo|ARM.Build.0 = Release|ARM
		{DE79A853-6030-453F-85F7-15CFE3717AF4}.RelWithDebInfo|x64.ActiveCfg = Release|x64
		{DE79A853-6030-453F-85F7-15CFE3717AF4}.RelWithDebInfo|x64.Build.0 = Release|x64
		{DE79A853-6030-453F-85F7-15CFE3717AF4}.RelWithDebInfo|x86.ActiveCfg = Release|Win32
		{DE79A853-6030-453F-85F7-15CFE3717AF4}.RelWithDebInfo|x86.Build.0 = Release|Win32
		{8D2A0865-5F2C-48A7-85BA-1A5488C0D410}.Debug|Any CPU.ActiveCfg = Debug|Win32
		{8D2A0865-5F2C-48A7-85BA-1A5488C0D410}.Debug|ARM.ActiveCfg = Debug|Win32
		{8D2A0865-5F2C-48A7-85BA-1A5488C0D410}.Debug|x64.ActiveCfg = Debug|x64
		{8D2A0865-5F2C-48A7-85BA-1A5488C0D410}.Debug|x64.Build.0 = Debug|x64
		{8D2A0865-5F2C-48A7-85BA-1A5488C0D410}.Debug|x86.ActiveCfg = Debug|Win32
		{8D2A0865-5F2C-48A7-85BA-1A5488C0D410}.Debug|x86.Build.0 = Debug|Win32
		{8D2A0865-5F2C-48A7-85BA-1A5488C0D410}.MinSizeRel|Any CPU.ActiveCfg = Release|x64
		{8D2A0865-5F2C-48A7-85BA-1A5488C0D410}.MinSizeRel|Any CPU.Build.0 = Release|x64
		{8D2A0865-5F2C-48A7-85BA-1A5488C0D410}.MinSizeRel|ARM.ActiveCfg = Release|x64
		{8D2A0865-5F2C-48A7-85BA-1A5488C0D410}.MinSizeRel|ARM.Build.0 = Release|x64
		{8D2A0865-5F2C-48A7-85BA-1A5488C0D410}.MinSizeRel|x64.ActiveCfg = Release|x64
		{8D2A0865-5F2C-48A7-85BA-1A5488C0D410}.MinSizeRel|x64.Build.0 = Release|x64
		{8D2A0865-5F2C-48A7-85BA-1A5488C0D410}.MinSizeRel|x86.ActiveCfg = Release|Win32
		{8D2A0865-5F2C-48A7-85BA-1A5488C0D410}.MinSizeRel|x86.Build.0 = Release|Win32
		{8D2A0865-5F2C-48A7-85BA-1A5488C0D410}.Release|Any CPU.ActiveCfg = Release|Win32
		{8D2A0865-5F2C-48A7-85BA-1A5488C0D410}.Release|ARM.ActiveCfg = Release|Win32
		{8D2A0865-5F2C-48A7-85BA-1A5488C0D410}.Release|x64.ActiveCfg = Release|x64
		{8D2A0865-5F2C-48A7-85BA-1A5488C0D410}.Release|x64.Build.0 = Release|x64
		{8D2A0865-5F2C-48A7-85BA-1A5488C0D410}.Release|x86.ActiveCfg = Release|Win32
		{8D2A0865-5F2C-48A7-85BA-1A5488C0D410}.Release|x86.Build.0 = Release|Win32
		{8D2A0865-5F2C-48A7-85BA-1A5488C0D410}.RelWithDebInfo|Any CPU.ActiveCfg = Release|x64
		{8D2A0865-5F2C-48A7-85BA-1A5488C0D410}.RelWithDebInfo|Any CPU.Build.0 = Release|x64
		{8D2A0865-5F2C-48A7-85BA-1A5488C0D410}.RelWithDebInfo|ARM.ActiveCfg = Release|x64
		{8D2A0865-5F2C-48A7-85BA-1A5488C0D410}.RelWithDebInfo|ARM.Build.0 = Release|x64
		{8D2A0865-5F2C-48A7-85BA-1A5488C0D410}.RelWithDebInfo|x64.ActiveCfg = Release|x64
		{8D2A0865-5F2C-48A7-85BA-1A5488C0D410}.RelWithDebInfo|x64.Build.0 = Release|x64
		{8D2A0865-5F2C-48A7-85BA-1A5488C0D410}.RelWithDebInfo|x86.ActiveCfg = Release|Win32
		{8D2A0865-5F2C-48A7-85BA-1A5488C0D410}.RelWithDebInfo|x86.Build.0 = Release|Win32
		{E853A203-9DED-41C0-8254-7E5F7DBA218C}.Debug|Any CPU.ActiveCfg = Debug|Win32
		{E853A203-9DED-41C0-8254-7E5F7DBA218C}.Debug|ARM.ActiveCfg = Debug|Win32
		{E853A203-9DED-41C0-8254-7E5F7DBA218C}.Debug|x64.ActiveCfg = Debug|x64
		{E853A203-9DED-41C0-8254-7E5F7DBA218C}.Debug|x64.Build.0 = Debug|x64
		{E853A203-9DED-41C0-8254-7E5F7DBA218C}.Debug|x86.ActiveCfg = Debug|Win32
		{E853A203-9DED-41C0-8254-7E5F7DBA218C}.Debug|x86.Build.0 = Debug|Win32
		{E853A203-9DED-41C0-8254-7E5F7DBA218C}.MinSizeRel|Any CPU.ActiveCfg = Release|x64
		{E853A203-9DED-41C0-8254-7E5F7DBA218C}.MinSizeRel|Any CPU.Build.0 = Release|x64
		{E853A203-9DED-41C0-8254-7E5F7DBA218C}.MinSizeRel|ARM.ActiveCfg = Release|x64
		{E853A203-9DED-41C0-8254-7E5F7DBA218C}.MinSizeRel|ARM.Build.0 = Release|x64
		{E853A203-9DED-41C0-8254-7E5F7DBA218C}.MinSizeRel|x64.ActiveCfg = Release|x64
		{E853A203-9DED-41C0-8254-7E5F7DBA218C}.MinSizeRel|x64.Build.0 = Release|x64
		{E853A203-9DED-41C0-8254-7E5F7DBA218C}.MinSizeRel|x86.ActiveCfg = Release|Win32
		{E853A203-9DED-41C0-8254-7E5F7DBA218C}.MinSizeRel|x86.Build.0 = Release|Win32
		{E853A203-9DED-41C0-8254-7E5F7DBA218C}.Release|Any CPU.ActiveCfg = Release|Win32
		{E853A203-9DED-41C0-8254-7E5F7DBA218C}.Release|ARM.ActiveCfg = Release|Win32
		{E853A203-9DED-41C0-8254-7E5F7DBA218C}.Release|x64.ActiveCfg = Release|x64
		{E853A203-9DED-41C0-8254-7E5F7DBA218C}.Release|x64.Build.0 = Release|x64
		{E853A203-9DED-41C0-8254-7E5F7DBA218C}.Release|x86.ActiveCfg = Release|Win32
		{E853A203-9DED-41C0-8254-7E5F7DBA218C}.Release|x86.Build.0 = Release|Win32
		{E853A203-9DED-41C0-8254-7E5F7DBA218C}.RelWithDebInfo|Any CPU.ActiveCfg = Release|x64
		{E853A203-9DED-41C0-8254-7E5F7DBA218C}.RelWithDebInfo|Any CPU.Build.0 = Release|x64
		{E853A203-9DED-41C0-8254-7E5F7DBA218C}.RelWithDebInfo|ARM.ActiveCfg = Release|x64
		{E853A203-9DED-41C0-8254-7E5F7DBA218C}.RelWithDebInfo|ARM.Build.0 = Release|x64
		{E853A203-9DED-41C0-8254-7E5F7DBA218C}.RelWithDebInfo|x64.ActiveCfg = Release|x64
		{E853A203-9DED-41C0-8254-7E5F7DBA218C}.RelWithDebInfo|x64.Build.0 = Release|x64
		{E853A203-9DED-41C0-8254-7E5F7DBA218C}.RelWithDebInfo|x86.ActiveCfg = Release|Win32
		{E853A203-9DED-41C0-8254-7E5F7DBA218C}.RelWithDebInfo|x86.Build.0 = Release|Win32
		{0301239D-D5AB-4A4B-899C-EB905082501F}.Debug|Any CPU.ActiveCfg = Debug|Win32
		{0301239D-D5AB-4A4B-899C-EB905082501F}.Debug|ARM.ActiveCfg = Debug|Win32
		{0301239D-D5AB-4A4B-899C-EB905082501F}.Debug|x64.ActiveCfg = Debug|x64
		{0301239D-D5AB-4A4B-899C-EB905082501F}.Debug|x64.Build.0 = Debug|x64
		{0301239D-D5AB-4A4B-899C-EB905082501F}.Debug|x86.ActiveCfg = Debug|Win32
		{0301239D-D5AB-4A4B-899C-EB905082501F}.Debug|x86.Build.0 = Debug|Win32
		{0301239D-D5AB-4A4B-899C-EB905082501F}.MinSizeRel|Any CPU.ActiveCfg = Release|x64
		{0301239D-D5AB-4A4B-899C-EB905082501F}.MinSizeRel|Any CPU.Build.0 = Release|x64
		{0301239D-D5AB-4A4B-899C-EB905082501F}.MinSizeRel|ARM.ActiveCfg = Release|x64
		{0301239D-D5AB-4A4B-899C-EB905082501F}.MinSizeRel|ARM.Build.0 = Release|x64
		{0301239D-D5AB-4A4B-899C-EB905082501F}.MinSizeRel|x64.ActiveCfg = Release|x64
		{0301239D-D5AB-4A4B-899C-EB905082501F}.MinSizeRel|x64.Build.0 = Release|x64
		{0301239D-D5AB-4A4B-899C-EB905082501F}.MinSizeRel|x86.ActiveCfg = Release|Win32
		{0301239D-D5AB-4A4B-899C-EB905082501F}.MinSizeRel|x86.Build.0 = Release|Win32
		{0301239D-D5AB-4A4B-899C-EB905082501F}.Release|Any CPU.ActiveCfg = Release|Win32
		{0301239D-D5AB-4A4B-899C-EB905082501F}.Release|ARM.ActiveCfg = Release|Win32
		{0301239D-D5AB-4A4B-899C-EB905082501F}.Release|x64.ActiveCfg = Release|x64
		{0301239D-D5AB-4A4B-899C-EB905082501F}.Release|x64.Build.0 = Release|x64
		{0301239D-D5AB-4A4B-899C-EB905082501F}.Release|x86.ActiveCfg = Release|Win32
		{0301239D-D5AB-4A4B-899C-EB905082501F}.Release|x86.Build.0 = Release|Win32
		{0301239D-D5AB-4A4B-899C-EB905082501F}.RelWithDebInfo|Any CPU.ActiveCfg = Release|x64
		{0301239D-D5AB-4A4B-899C-EB905082501F}.RelWithDebInfo|Any CPU.Build.0 = Release|x64
		{0301239D-D5AB-4A4B-899C-EB905082501F}.RelWithDebInfo|ARM.ActiveCfg = Release|x64
		{0301239D-D5AB-4A4B-899C-EB905082501F}.RelWithDebInfo|ARM.Build.0 = Release|x64
		{0301239D-D5AB-4A4B-899C-EB905082501F}.RelWithDebInfo|x64.ActiveCfg = Release|x64
		{0301239D-D5AB-4A4B-899C-EB905082501F}.RelWithDebInfo|x64.Build.0 = Release|x64
		{0301239D-D5AB-4A4B-899C-EB905082501F}.RelWithDebInfo|x86.ActiveCfg = Release|Win32
		{0301239D-D5AB-4A4B-899C-EB905082501F}.RelWithDebInfo|x86.Build.0 = Release|Win32
	EndGlobalSection
	GlobalSection(SolutionProperties) = preSolution
		HideSolutionNode = FALSE
	EndGlobalSection
EndGlobal
