<?xml version="1.0" encoding="UTF-8" standalone="yes" ?>
<CodeBlocks_project_file>
	<FileVersion major="1" minor="6" />
	<Project>
		<Option title="PKG" />
		<Option pch_mode="2" />
		<Option compiler="msvc10" />
		<Build>
			<Target title="Debug Win32">
				<Option output="PKG" prefix_auto="1" extension_auto="1" />
				<Option type="0" />
				<Option compiler="msvc10" />
				<Compiler>
					<Add directory="../Default" />
					<Add directory="../" />
					<Add directory="../Common" />
				</Compiler>
			</Target>
			<Target title="Release ARM">
				<Option output="PKG" prefix_auto="1" extension_auto="1" />
				<Option type="0" />
				<Option compiler="msvc10" />
			</Target>
			<Target title="Debug x64">
				<Option output="PKG" prefix_auto="1" extension_auto="1" />
				<Option type="0" />
				<Option compiler="msvc10" />
				<Compiler>
					<Add directory="../Default" />
					<Add directory="../" />
					<Add directory="../Common" />
				</Compiler>
			</Target>
			<Target title="Release x64">
				<Option output="PKG" prefix_auto="1" extension_auto="1" />
				<Option type="0" />
				<Option compiler="msvc10" />
			</Target>
			<Target title="Debug ARM">
				<Option output="PKG" prefix_auto="1" extension_auto="1" />
				<Option type="0" />
				<Option compiler="msvc10" />
			</Target>
			<Target title="Release Win32">
				<Option output="PKG" prefix_auto="1" extension_auto="1" />
				<Option type="0" />
				<Option compiler="msvc10" />
			</Target>
		</Build>
		<Unit filename="Bundle.cpp" />
		<Unit filename="Bundle.h" />
		<Unit filename="PKG.cpp" />
		<Unit filename="PKG.h" />
		<Unit filename="pch.cpp" />
		<Unit filename="pch.h" />
		<Unit filename="targetver.h" />
		<Extensions>
			<code_completion />
			<envvars />
			<debugger />
		</Extensions>
	</Project>
</CodeBlocks_project_file>
